
Microsoft Visual Studio Solution File, Format Version 12.00
# Visual Studio Version 16
VisualStudioVersion = 16.0.31702.278
MinimumVisualStudioVersion = 10.0.40219.1
Project("{FAE04EC0-301F-11D3-BF4B-00C04F79EFBC}") = "MvcBlogProje", "MvcBlogProje\MvcBlogProje.csproj", "{73521318-F344-4E29-AB9E-4569F71EE01B}"
EndProject
Project("{FAE04EC0-301F-11D3-BF4B-00C04F79EFBC}") = "EntityLayer", "EntityLayer\EntityLayer.csproj", "{887525E8-EFD4-4D04-B090-7D31B1798369}"
EndProject
Project("{FAE04EC0-301F-11D3-BF4B-00C04F79EFBC}") = "DataAccessLayer", "DataAccessLayer\DataAccessLayer.csproj", "{E2BF9F08-6AB4-417B-B163-6F20F14AA6EA}"
EndProject
Project("{FAE04EC0-301F-11D3-BF4B-00C04F79EFBC}") = "BusinessLayer", "BusinessLayer\BusinessLayer.csproj", "{88E8C4BA-DECD-4B9C-80BC-E36ED99B9CFD}"
EndProject
Global
	GlobalSection(SolutionConfigurationPlatforms) = preSolution
		Debug|Any CPU = Debug|Any CPU
		Release|Any CPU = Release|Any CPU
	EndGlobalSection
	GlobalSection(ProjectConfigurationPlatforms) = postSolution
		{73521318-F344-4E29-AB9E-4569F71EE01B}.Debug|Any CPU.ActiveCfg = Debug|Any CPU
		{73521318-F344-4E29-AB9E-4569F71EE01B}.Debug|Any CPU.Build.0 = Debug|Any CPU
		{73521318-F344-4E29-AB9E-4569F71EE01B}.Release|Any CPU.ActiveCfg = Release|Any CPU
		{73521318-F344-4E29-AB9E-4569F71EE01B}.Release|Any CPU.Build.0 = Release|Any CPU
		{887525E8-EFD4-4D04-B090-7D31B1798369}.Debug|Any CPU.ActiveCfg = Debug|Any CPU
		{887525E8-EFD4-4D04-B090-7D31B1798369}.Debug|Any CPU.Build.0 = Debug|Any CPU
		{887525E8-EFD4-4D04-B090-7D31B1798369}.Release|Any CPU.ActiveCfg = Release|Any CPU
		{887525E8-EFD4-4D04-B090-7D31B1798369}.Release|Any CPU.Build.0 = Release|Any CPU
		{E2BF9F08-6AB4-417B-B163-6F20F14AA6EA}.Debug|Any CPU.ActiveCfg = Debug|Any CPU
		{E2BF9F08-6AB4-417B-B163-6F20F14AA6EA}.Debug|Any CPU.Build.0 = Debug|Any CPU
		{E2BF9F08-6AB4-417B-B163-6F20F14AA6EA}.Release|Any CPU.ActiveCfg = Release|Any CPU
		{E2BF9F08-6AB4-417B-B163-6F20F14AA6EA}.Release|Any CPU.Build.0 = Release|Any CPU
		{88E8C4BA-DECD-4B9C-80BC-E36ED99B9CFD}.Debug|Any CPU.ActiveCfg = Debug|Any CPU
		{88E8C4BA-DECD-4B9C-80BC-E36ED99B9CFD}.Debug|Any CPU.Build.0 = Debug|Any CPU
		{88E8C4BA-DECD-4B9C-80BC-E36ED99B9CFD}.Release|Any CPU.ActiveCfg = Release|Any CPU
		{88E8C4BA-DECD-4B9C-80BC-E36ED99B9CFD}.Release|Any CPU.Build.0 = Release|Any CPU
	EndGlobalSection
	GlobalSection(SolutionProperties) = preSolution
		HideSolutionNode = FALSE
	EndGlobalSection
	GlobalSection(ExtensibilityGlobals) = postSolution
		SolutionGuid = {FC65DEA2-6D0D-4A32-AFFE-2182EA6CA0CE}
	EndGlobalSection
EndGlobal
